
Microsoft Visual Studio Solution File, Format Version 12.00
# Visual Studio Version 16
VisualStudioVersion = 16.0.31205.134
MinimumVisualStudioVersion = 10.0.40219.1
Project("{FAE04EC0-301F-11D3-BF4B-00C04F79EFBC}") = "v0630", "v0630\v0630.csproj", "{34BBA039-8302-49D0-A93C-6FE97694D32D}"
EndProject
Global
	GlobalSection(SolutionConfigurationPlatforms) = preSolution
		Debug|Any CPU = Debug|Any CPU
		Release|Any CPU = Release|Any CPU
	EndGlobalSection
	GlobalSection(ProjectConfigurationPlatforms) = postSolution
		{34BBA039-8302-49D0-A93C-6FE97694D32D}.Debug|Any CPU.ActiveCfg = Debug|Any CPU
		{34BBA039-8302-49D0-A93C-6FE97694D32D}.Debug|Any CPU.Build.0 = Debug|Any CPU
		{34BBA039-8302-49D0-A93C-6FE97694D32D}.Release|Any CPU.ActiveCfg = Release|Any CPU
		{34BBA039-8302-49D0-A93C-6FE97694D32D}.Release|Any CPU.Build.0 = Release|Any CPU
	EndGlobalSection
	GlobalSection(SolutionProperties) = preSolution
		HideSolutionNode = FALSE
	EndGlobalSection
	GlobalSection(ExtensibilityGlobals) = postSolution
		SolutionGuid = {8DC7D304-6102-48A3-9B8C-740112F31AF8}
	EndGlobalSection
EndGlobal
